
Microsoft Visual Studio Solution File, Format Version 12.00
# Visual Studio Version 17
VisualStudioVersion = 17.9.34728.123
MinimumVisualStudioVersion = 10.0.40219.1
Project("{FAE04EC0-301F-11D3-BF4B-00C04F79EFBC}") = "LinqTask", "LinqTask\LinqTask.csproj", "{C1C42D62-EF2C-4228-8916-F8757E7969CD}"
EndProject
Global
	GlobalSection(SolutionConfigurationPlatforms) = preSolution
		Debug|Any CPU = Debug|Any CPU
		Release|Any CPU = Release|Any CPU
	EndGlobalSection
	GlobalSection(ProjectConfigurationPlatforms) = postSolution
		{C1C42D62-EF2C-4228-8916-F8757E7969CD}.Debug|Any CPU.ActiveCfg = Debug|Any CPU
		{C1C42D62-EF2C-4228-8916-F8757E7969CD}.Debug|Any CPU.Build.0 = Debug|Any CPU
		{C1C42D62-EF2C-4228-8916-F8757E7969CD}.Release|Any CPU.ActiveCfg = Release|Any CPU
		{C1C42D62-EF2C-4228-8916-F8757E7969CD}.Release|Any CPU.Build.0 = Release|Any CPU
	EndGlobalSection
	GlobalSection(SolutionProperties) = preSolution
		HideSolutionNode = FALSE
	EndGlobalSection
	GlobalSection(ExtensibilityGlobals) = postSolution
		SolutionGuid = {B60C8596-471C-4A7D-8882-9B753DC18F4E}
	EndGlobalSection
EndGlobal
